
Microsoft Visual Studio Solution File, Format Version 12.00
# Visual Studio Version 17
VisualStudioVersion = 17.5.33414.496
MinimumVisualStudioVersion = 10.0.40219.1
Project("{FAE04EC0-301F-11D3-BF4B-00C04F79EFBC}") = "Proiect_Licenta", "Proiect_Licenta\Proiect_Licenta.csproj", "{92C02C53-3FE0-499A-8FB3-08EFFDD2AD34}"
EndProject
Project("{2150E333-8FDC-42A3-9474-1A3956D46DE8}") = "Solution Items", "Solution Items", "{5620177A-027E-4A55-91D5-FB0B51273E41}"
	ProjectSection(SolutionItems) = preProject
		.editorconfig = .editorconfig
	EndProjectSection
EndProject
Global
	GlobalSection(SolutionConfigurationPlatforms) = preSolution
		Debug|Any CPU = Debug|Any CPU
		Release|Any CPU = Release|Any CPU
	EndGlobalSection
	GlobalSection(ProjectConfigurationPlatforms) = postSolution
		{92C02C53-3FE0-499A-8FB3-08EFFDD2AD34}.Debug|Any CPU.ActiveCfg = Debug|Any CPU
		{92C02C53-3FE0-499A-8FB3-08EFFDD2AD34}.Debug|Any CPU.Build.0 = Debug|Any CPU
		{92C02C53-3FE0-499A-8FB3-08EFFDD2AD34}.Release|Any CPU.ActiveCfg = Release|Any CPU
		{92C02C53-3FE0-499A-8FB3-08EFFDD2AD34}.Release|Any CPU.Build.0 = Release|Any CPU
	EndGlobalSection
	GlobalSection(SolutionProperties) = preSolution
		HideSolutionNode = FALSE
	EndGlobalSection
	GlobalSection(ExtensibilityGlobals) = postSolution
		SolutionGuid = {1EED5CDB-C585-4F0D-A6D0-6EA3362C79A8}
	EndGlobalSection
EndGlobal
